
Microsoft Visual Studio Solution File, Format Version 12.00
# Visual Studio 15
VisualStudioVersion = 15.0.28307.1705
MinimumVisualStudioVersion = 10.0.40219.1
Project("{FAE04EC0-301F-11D3-BF4B-00C04F79EFBC}") = "ZMQServerPas", "ZMQServerPas.csproj", "{D37AAD71-5204-4E46-8ECA-5B6D93730FD1}"
EndProject
Global
	GlobalSection(SolutionConfigurationPlatforms) = preSolution
		Debug|Any CPU = Debug|Any CPU
		Release|Any CPU = Release|Any CPU
	EndGlobalSection
	GlobalSection(ProjectConfigurationPlatforms) = postSolution
		{D37AAD71-5204-4E46-8ECA-5B6D93730FD1}.Debug|Any CPU.ActiveCfg = Debug|Any CPU
		{D37AAD71-5204-4E46-8ECA-5B6D93730FD1}.Debug|Any CPU.Build.0 = Debug|Any CPU
		{D37AAD71-5204-4E46-8ECA-5B6D93730FD1}.Release|Any CPU.ActiveCfg = Release|Any CPU
		{D37AAD71-5204-4E46-8ECA-5B6D93730FD1}.Release|Any CPU.Build.0 = Release|Any CPU
	EndGlobalSection
	GlobalSection(SolutionProperties) = preSolution
		HideSolutionNode = FALSE
	EndGlobalSection
	GlobalSection(ExtensibilityGlobals) = postSolution
		SolutionGuid = {213E7519-34D4-4A5B-8CEC-B5E993C6172C}
	EndGlobalSection
EndGlobal
